
Microsoft Visual Studio Solution File, Format Version 12.00
# Visual Studio Version 17
VisualStudioVersion = 17.9.34622.214
MinimumVisualStudioVersion = 10.0.40219.1
Project("{E24C65DC-7377-472B-9ABA-BC803B73C61A}") = "Zenex_cpanel", ".", "{16F83FD3-A9E7-4F9D-BBE2-2D3C1A9436A0}"
	ProjectSection(WebsiteProperties) = preProject
		TargetFrameworkMoniker = ".NETFramework,Version%3Dv4.7.2"
		Debug.AspNetCompiler.VirtualPath = "/localhost_51609"
		Debug.AspNetCompiler.PhysicalPath = "..\Zenex_cpanel\"
		Debug.AspNetCompiler.TargetPath = "PrecompiledWeb\localhost_51609\"
		Debug.AspNetCompiler.Updateable = "true"
		Debug.AspNetCompiler.ForceOverwrite = "true"
		Debug.AspNetCompiler.FixedNames = "false"
		Debug.AspNetCompiler.Debug = "True"
		Release.AspNetCompiler.VirtualPath = "/localhost_51609"
		Release.AspNetCompiler.PhysicalPath = "..\Zenex_cpanel\"
		Release.AspNetCompiler.TargetPath = "PrecompiledWeb\localhost_51609\"
		Release.AspNetCompiler.Updateable = "true"
		Release.AspNetCompiler.ForceOverwrite = "true"
		Release.AspNetCompiler.FixedNames = "false"
		Release.AspNetCompiler.Debug = "False"
		VWDPort = "51609"
		SlnRelativePath = "..\Zenex_cpanel\"
		DefaultWebSiteLanguage = "Visual C#"
	EndProjectSection
EndProject
Global
	GlobalSection(SolutionConfigurationPlatforms) = preSolution
		Debug|Any CPU = Debug|Any CPU
	EndGlobalSection
	GlobalSection(ProjectConfigurationPlatforms) = postSolution
		{16F83FD3-A9E7-4F9D-BBE2-2D3C1A9436A0}.Debug|Any CPU.ActiveCfg = Debug|Any CPU
		{16F83FD3-A9E7-4F9D-BBE2-2D3C1A9436A0}.Debug|Any CPU.Build.0 = Debug|Any CPU
	EndGlobalSection
	GlobalSection(SolutionProperties) = preSolution
		HideSolutionNode = FALSE
	EndGlobalSection
	GlobalSection(ExtensibilityGlobals) = postSolution
		SolutionGuid = {53C5B03B-0D8B-4CCC-A507-3B8BD66D9070}
	EndGlobalSection
EndGlobal
